
Microsoft Visual Studio Solution File, Format Version 12.00
# Visual Studio Version 17
VisualStudioVersion = 17.5.33414.496
MinimumVisualStudioVersion = 10.0.40219.1
Project("{FAE04EC0-301F-11D3-BF4B-00C04F79EFBC}") = "LanchesMac", "LanchesMac\LanchesMac.csproj", "{6766C26D-EAB9-4C97-9F86-636E1412EB7B}"
EndProject
Global
	GlobalSection(SolutionConfigurationPlatforms) = preSolution
		Debug|Any CPU = Debug|Any CPU
		Release|Any CPU = Release|Any CPU
	EndGlobalSection
	GlobalSection(ProjectConfigurationPlatforms) = postSolution
		{6766C26D-EAB9-4C97-9F86-636E1412EB7B}.Debug|Any CPU.ActiveCfg = Debug|Any CPU
		{6766C26D-EAB9-4C97-9F86-636E1412EB7B}.Debug|Any CPU.Build.0 = Debug|Any CPU
		{6766C26D-EAB9-4C97-9F86-636E1412EB7B}.Release|Any CPU.ActiveCfg = Release|Any CPU
		{6766C26D-EAB9-4C97-9F86-636E1412EB7B}.Release|Any CPU.Build.0 = Release|Any CPU
	EndGlobalSection
	GlobalSection(SolutionProperties) = preSolution
		HideSolutionNode = FALSE
	EndGlobalSection
	GlobalSection(ExtensibilityGlobals) = postSolution
		SolutionGuid = {8DE053D9-DA1B-4903-9BDF-F359C8B8FAA8}
	EndGlobalSection
EndGlobal
