
Microsoft Visual Studio Solution File, Format Version 12.00
# Visual Studio Version 17
VisualStudioVersion = 17.4.33122.133
MinimumVisualStudioVersion = 10.0.40219.1
Project("{FAE04EC0-301F-11D3-BF4B-00C04F79EFBC}") = "LanchesMac", "LanchesMac.csproj", "{3A89D236-E5A5-4158-B5E5-516DF9EA36F3}"
EndProject
Global
	GlobalSection(SolutionConfigurationPlatforms) = preSolution
		Debug|Any CPU = Debug|Any CPU
		Release|Any CPU = Release|Any CPU
	EndGlobalSection
	GlobalSection(ProjectConfigurationPlatforms) = postSolution
		{3A89D236-E5A5-4158-B5E5-516DF9EA36F3}.Debug|Any CPU.ActiveCfg = Debug|Any CPU
		{3A89D236-E5A5-4158-B5E5-516DF9EA36F3}.Debug|Any CPU.Build.0 = Debug|Any CPU
		{3A89D236-E5A5-4158-B5E5-516DF9EA36F3}.Release|Any CPU.ActiveCfg = Release|Any CPU
		{3A89D236-E5A5-4158-B5E5-516DF9EA36F3}.Release|Any CPU.Build.0 = Release|Any CPU
	EndGlobalSection
	GlobalSection(SolutionProperties) = preSolution
		HideSolutionNode = FALSE
	EndGlobalSection
	GlobalSection(ExtensibilityGlobals) = postSolution
		SolutionGuid = {8AC591F1-C16B-4208-A567-F91AFE67552E}
	EndGlobalSection
EndGlobal
